
Microsoft Visual Studio Solution File, Format Version 12.00
# Visual Studio Version 17
VisualStudioVersion = 17.0.31903.59
MinimumVisualStudioVersion = 10.0.40219.1
Project("{2150E333-8FDC-42A3-9474-1A3956D46DE8}") = "src", "src", "{827E0CD3-B72D-47B6-A68D-7590B98EB39B}"
EndProject
Project("{FAE04EC0-301F-11D3-BF4B-00C04F79EFBC}") = "CleanCRUDSolution.Domain", "src\CleanCRUDSolution.Domain\CleanCRUDSolution.Domain.csproj", "{6A20B447-697E-4C4E-B99D-FFAB51CFCB77}"
EndProject
Project("{FAE04EC0-301F-11D3-BF4B-00C04F79EFBC}") = "CleanCRUDSolution.Application", "src\CleanCRUDSolution.Application\CleanCRUDSolution.Application.csproj", "{02D595D3-D50F-4FB1-A9AE-B031DF109E6D}"
EndProject
Project("{FAE04EC0-301F-11D3-BF4B-00C04F79EFBC}") = "CleanCRUDSolution.Infrastructure", "src\CleanCRUDSolution.Infrastructure\CleanCRUDSolution.Infrastructure.csproj", "{EF129A53-0DCA-4C89-9EC8-2962BFC70164}"
EndProject
Project("{2150E333-8FDC-42A3-9474-1A3956D46DE8}") = "tests", "tests", "{0AB3BF05-4346-4AA6-1389-037BE0695223}"
EndProject
Project("{FAE04EC0-301F-11D3-BF4B-00C04F79EFBC}") = "CleanCRUDSolution.UnitTests", "tests\CleanCRUDSolution.UnitTests\CleanCRUDSolution.UnitTests.csproj", "{B487F94F-1575-4933-BA1C-003E601B0F0C}"
EndProject
Project("{FAE04EC0-301F-11D3-BF4B-00C04F79EFBC}") = "CleanCRUDSolution.IntegrationTests", "tests\CleanCRUDSolution.IntegrationTests\CleanCRUDSolution.IntegrationTests.csproj", "{FD4BA5EA-5B80-4387-98F6-10E1BB519992}"
EndProject
Project("{FAE04EC0-301F-11D3-BF4B-00C04F79EFBC}") = "CleanCRUDSolution.Web", "src\CleanCRUDSolution.Web\CleanCRUDSolution.Web.csproj", "{BC6C8432-AD24-489A-B445-ED80614ABB78}"
EndProject
Global
	GlobalSection(SolutionConfigurationPlatforms) = preSolution
		Debug|Any CPU = Debug|Any CPU
		Debug|x64 = Debug|x64
		Debug|x86 = Debug|x86
		Release|Any CPU = Release|Any CPU
		Release|x64 = Release|x64
		Release|x86 = Release|x86
	EndGlobalSection
	GlobalSection(ProjectConfigurationPlatforms) = postSolution
		{6A20B447-697E-4C4E-B99D-FFAB51CFCB77}.Debug|Any CPU.ActiveCfg = Debug|Any CPU
		{6A20B447-697E-4C4E-B99D-FFAB51CFCB77}.Debug|Any CPU.Build.0 = Debug|Any CPU
		{6A20B447-697E-4C4E-B99D-FFAB51CFCB77}.Debug|x64.ActiveCfg = Debug|Any CPU
		{6A20B447-697E-4C4E-B99D-FFAB51CFCB77}.Debug|x64.Build.0 = Debug|Any CPU
		{6A20B447-697E-4C4E-B99D-FFAB51CFCB77}.Debug|x86.ActiveCfg = Debug|Any CPU
		{6A20B447-697E-4C4E-B99D-FFAB51CFCB77}.Debug|x86.Build.0 = Debug|Any CPU
		{6A20B447-697E-4C4E-B99D-FFAB51CFCB77}.Release|Any CPU.ActiveCfg = Release|Any CPU
		{6A20B447-697E-4C4E-B99D-FFAB51CFCB77}.Release|Any CPU.Build.0 = Release|Any CPU
		{6A20B447-697E-4C4E-B99D-FFAB51CFCB77}.Release|x64.ActiveCfg = Release|Any CPU
		{6A20B447-697E-4C4E-B99D-FFAB51CFCB77}.Release|x64.Build.0 = Release|Any CPU
		{6A20B447-697E-4C4E-B99D-FFAB51CFCB77}.Release|x86.ActiveCfg = Release|Any CPU
		{6A20B447-697E-4C4E-B99D-FFAB51CFCB77}.Release|x86.Build.0 = Release|Any CPU
		{02D595D3-D50F-4FB1-A9AE-B031DF109E6D}.Debug|Any CPU.ActiveCfg = Debug|Any CPU
		{02D595D3-D50F-4FB1-A9AE-B031DF109E6D}.Debug|Any CPU.Build.0 = Debug|Any CPU
		{02D595D3-D50F-4FB1-A9AE-B031DF109E6D}.Debug|x64.ActiveCfg = Debug|Any CPU
		{02D595D3-D50F-4FB1-A9AE-B031DF109E6D}.Debug|x64.Build.0 = Debug|Any CPU
		{02D595D3-D50F-4FB1-A9AE-B031DF109E6D}.Debug|x86.ActiveCfg = Debug|Any CPU
		{02D595D3-D50F-4FB1-A9AE-B031DF109E6D}.Debug|x86.Build.0 = Debug|Any CPU
		{02D595D3-D50F-4FB1-A9AE-B031DF109E6D}.Release|Any CPU.ActiveCfg = Release|Any CPU
		{02D595D3-D50F-4FB1-A9AE-B031DF109E6D}.Release|Any CPU.Build.0 = Release|Any CPU
		{02D595D3-D50F-4FB1-A9AE-B031DF109E6D}.Release|x64.ActiveCfg = Release|Any CPU
		{02D595D3-D50F-4FB1-A9AE-B031DF109E6D}.Release|x64.Build.0 = Release|Any CPU
		{02D595D3-D50F-4FB1-A9AE-B031DF109E6D}.Release|x86.ActiveCfg = Release|Any CPU
		{02D595D3-D50F-4FB1-A9AE-B031DF109E6D}.Release|x86.Build.0 = Release|Any CPU
		{EF129A53-0DCA-4C89-9EC8-2962BFC70164}.Debug|Any CPU.ActiveCfg = Debug|Any CPU
		{EF129A53-0DCA-4C89-9EC8-2962BFC70164}.Debug|Any CPU.Build.0 = Debug|Any CPU
		{EF129A53-0DCA-4C89-9EC8-2962BFC70164}.Debug|x64.ActiveCfg = Debug|Any CPU
		{EF129A53-0DCA-4C89-9EC8-2962BFC70164}.Debug|x64.Build.0 = Debug|Any CPU
		{EF129A53-0DCA-4C89-9EC8-2962BFC70164}.Debug|x86.ActiveCfg = Debug|Any CPU
		{EF129A53-0DCA-4C89-9EC8-2962BFC70164}.Debug|x86.Build.0 = Debug|Any CPU
		{EF129A53-0DCA-4C89-9EC8-2962BFC70164}.Release|Any CPU.ActiveCfg = Release|Any CPU
		{EF129A53-0DCA-4C89-9EC8-2962BFC70164}.Release|Any CPU.Build.0 = Release|Any CPU
		{EF129A53-0DCA-4C89-9EC8-2962BFC70164}.Release|x64.ActiveCfg = Release|Any CPU
		{EF129A53-0DCA-4C89-9EC8-2962BFC70164}.Release|x64.Build.0 = Release|Any CPU
		{EF129A53-0DCA-4C89-9EC8-2962BFC70164}.Release|x86.ActiveCfg = Release|Any CPU
		{EF129A53-0DCA-4C89-9EC8-2962BFC70164}.Release|x86.Build.0 = Release|Any CPU
		{B487F94F-1575-4933-BA1C-003E601B0F0C}.Debug|Any CPU.ActiveCfg = Debug|Any CPU
		{B487F94F-1575-4933-BA1C-003E601B0F0C}.Debug|Any CPU.Build.0 = Debug|Any CPU
		{B487F94F-1575-4933-BA1C-003E601B0F0C}.Debug|x64.ActiveCfg = Debug|Any CPU
		{B487F94F-1575-4933-BA1C-003E601B0F0C}.Debug|x64.Build.0 = Debug|Any CPU
		{B487F94F-1575-4933-BA1C-003E601B0F0C}.Debug|x86.ActiveCfg = Debug|Any CPU
		{B487F94F-1575-4933-BA1C-003E601B0F0C}.Debug|x86.Build.0 = Debug|Any CPU
		{B487F94F-1575-4933-BA1C-003E601B0F0C}.Release|Any CPU.ActiveCfg = Release|Any CPU
		{B487F94F-1575-4933-BA1C-003E601B0F0C}.Release|Any CPU.Build.0 = Release|Any CPU
		{B487F94F-1575-4933-BA1C-003E601B0F0C}.Release|x64.ActiveCfg = Release|Any CPU
		{B487F94F-1575-4933-BA1C-003E601B0F0C}.Release|x64.Build.0 = Release|Any CPU
		{B487F94F-1575-4933-BA1C-003E601B0F0C}.Release|x86.ActiveCfg = Release|Any CPU
		{B487F94F-1575-4933-BA1C-003E601B0F0C}.Release|x86.Build.0 = Release|Any CPU
		{FD4BA5EA-5B80-4387-98F6-10E1BB519992}.Debug|Any CPU.ActiveCfg = Debug|Any CPU
		{FD4BA5EA-5B80-4387-98F6-10E1BB519992}.Debug|Any CPU.Build.0 = Debug|Any CPU
		{FD4BA5EA-5B80-4387-98F6-10E1BB519992}.Debug|x64.ActiveCfg = Debug|Any CPU
		{FD4BA5EA-5B80-4387-98F6-10E1BB519992}.Debug|x64.Build.0 = Debug|Any CPU
		{FD4BA5EA-5B80-4387-98F6-10E1BB519992}.Debug|x86.ActiveCfg = Debug|Any CPU
		{FD4BA5EA-5B80-4387-98F6-10E1BB519992}.Debug|x86.Build.0 = Debug|Any CPU
		{FD4BA5EA-5B80-4387-98F6-10E1BB519992}.Release|Any CPU.ActiveCfg = Release|Any CPU
		{FD4BA5EA-5B80-4387-98F6-10E1BB519992}.Release|Any CPU.Build.0 = Release|Any CPU
		{FD4BA5EA-5B80-4387-98F6-10E1BB519992}.Release|x64.ActiveCfg = Release|Any CPU
		{FD4BA5EA-5B80-4387-98F6-10E1BB519992}.Release|x64.Build.0 = Release|Any CPU
		{FD4BA5EA-5B80-4387-98F6-10E1BB519992}.Release|x86.ActiveCfg = Release|Any CPU
		{FD4BA5EA-5B80-4387-98F6-10E1BB519992}.Release|x86.Build.0 = Release|Any CPU
		{BC6C8432-AD24-489A-B445-ED80614ABB78}.Debug|Any CPU.ActiveCfg = Debug|Any CPU
		{BC6C8432-AD24-489A-B445-ED80614ABB78}.Debug|Any CPU.Build.0 = Debug|Any CPU
		{BC6C8432-AD24-489A-B445-ED80614ABB78}.Debug|x64.ActiveCfg = Debug|Any CPU
		{BC6C8432-AD24-489A-B445-ED80614ABB78}.Debug|x64.Build.0 = Debug|Any CPU
		{BC6C8432-AD24-489A-B445-ED80614ABB78}.Debug|x86.ActiveCfg = Debug|Any CPU
		{BC6C8432-AD24-489A-B445-ED80614ABB78}.Debug|x86.Build.0 = Debug|Any CPU
		{BC6C8432-AD24-489A-B445-ED80614ABB78}.Release|Any CPU.ActiveCfg = Release|Any CPU
		{BC6C8432-AD24-489A-B445-ED80614ABB78}.Release|Any CPU.Build.0 = Release|Any CPU
		{BC6C8432-AD24-489A-B445-ED80614ABB78}.Release|x64.ActiveCfg = Release|Any CPU
		{BC6C8432-AD24-489A-B445-ED80614ABB78}.Release|x64.Build.0 = Release|Any CPU
		{BC6C8432-AD24-489A-B445-ED80614ABB78}.Release|x86.ActiveCfg = Release|Any CPU
		{BC6C8432-AD24-489A-B445-ED80614ABB78}.Release|x86.Build.0 = Release|Any CPU
	EndGlobalSection
	GlobalSection(SolutionProperties) = preSolution
		HideSolutionNode = FALSE
	EndGlobalSection
	GlobalSection(NestedProjects) = preSolution
		{6A20B447-697E-4C4E-B99D-FFAB51CFCB77} = {827E0CD3-B72D-47B6-A68D-7590B98EB39B}
		{02D595D3-D50F-4FB1-A9AE-B031DF109E6D} = {827E0CD3-B72D-47B6-A68D-7590B98EB39B}
		{EF129A53-0DCA-4C89-9EC8-2962BFC70164} = {827E0CD3-B72D-47B6-A68D-7590B98EB39B}
		{B487F94F-1575-4933-BA1C-003E601B0F0C} = {0AB3BF05-4346-4AA6-1389-037BE0695223}
		{FD4BA5EA-5B80-4387-98F6-10E1BB519992} = {0AB3BF05-4346-4AA6-1389-037BE0695223}
		{BC6C8432-AD24-489A-B445-ED80614ABB78} = {827E0CD3-B72D-47B6-A68D-7590B98EB39B}
	EndGlobalSection
EndGlobal
